
Microsoft Visual Studio Solution File, Format Version 12.00
# Visual Studio 15
VisualStudioVersion = 15.0.26430.16
MinimumVisualStudioVersion = 15.0.26124.0
Project("{9A19103F-16F7-4668-BE54-9A1E7A4F7556}") = "CoreExtensions", "CoreExtensions\CoreExtensions.csproj", "{CE3BBE5D-F7EF-4BC4-8DAD-627F10E35886}"
EndProject
Project("{9A19103F-16F7-4668-BE54-9A1E7A4F7556}") = "CoreExtensionsUnitTests", "CoreExtensionsUnitTests\CoreExtensionsUnitTests.csproj", "{8A7EA6B8-7227-48F5-B9A2-F86C94D59E6D}"
EndProject
Project("{9A19103F-16F7-4668-BE54-9A1E7A4F7556}") = "Abstract", "Abstract\Abstract.csproj", "{8293108B-8BB6-4E2A-B029-923D19EB55DE}"
EndProject
Project("{9A19103F-16F7-4668-BE54-9A1E7A4F7556}") = "Enums", "Enums\Enums.csproj", "{177C988C-3231-4F42-9667-CAFB91E5D629}"
EndProject
Project("{FAE04EC0-301F-11D3-BF4B-00C04F79EFBC}") = "Authentication", "Authentication\Authentication.csproj", "{D763077B-AFD7-4A65-AFFE-DC95093473D4}"
EndProject
Project("{FAE04EC0-301F-11D3-BF4B-00C04F79EFBC}") = "Constants", "Constants\Constants.csproj", "{5611DB99-FFA3-4C4B-B1AD-80B794A5AC83}"
EndProject
Project("{FAE04EC0-301F-11D3-BF4B-00C04F79EFBC}") = "Configuration", "Configuration\Configuration.csproj", "{EB654453-75AE-4E70-9622-E058FF95CC2C}"
EndProject
Project("{FAE04EC0-301F-11D3-BF4B-00C04F79EFBC}") = "Caching", "Caching\Caching.csproj", "{3636A45D-0FAE-473E-BDB7-CF2FB33C50A2}"
EndProject
Project("{FAE04EC0-301F-11D3-BF4B-00C04F79EFBC}") = "CoreServices", "CoreServices\CoreServices.csproj", "{34ECB11D-90B3-40D8-92E3-3D336017D23C}"
EndProject
Project("{FAE04EC0-301F-11D3-BF4B-00C04F79EFBC}") = "ConfigurationUnitTests", "ConfigurationUnitTests\ConfigurationUnitTests.csproj", "{946EC008-E994-4105-9FDB-1F1F6AE946CA}"
EndProject
Project("{FAE04EC0-301F-11D3-BF4B-00C04F79EFBC}") = "CoreServicesUnitTests", "CoreServicesUnitTests\CoreServicesUnitTests.csproj", "{FECE0B29-53FF-4455-BE09-F79E1D9382C2}"
EndProject
Project("{FAE04EC0-301F-11D3-BF4B-00C04F79EFBC}") = "EnumsUnitTests", "EnumsUnitTests\EnumsUnitTests.csproj", "{9FD7C279-85EC-4E7D-8175-4919B09CF31E}"
EndProject
Project("{FAE04EC0-301F-11D3-BF4B-00C04F79EFBC}") = "ConstantsUnitTests", "ConstantsUnitTests\ConstantsUnitTests.csproj", "{BBA445CE-3628-481D-8D48-060510BAA54C}"
EndProject
Project("{FAE04EC0-301F-11D3-BF4B-00C04F79EFBC}") = "CachingUnitTests", "CachingUnitTests\CachingUnitTests.csproj", "{55FADBCE-E813-40BB-894C-651DBD179325}"
EndProject
Global
	GlobalSection(SolutionConfigurationPlatforms) = preSolution
		Debug|Any CPU = Debug|Any CPU
		Debug|x64 = Debug|x64
		Debug|x86 = Debug|x86
		Release|Any CPU = Release|Any CPU
		Release|x64 = Release|x64
		Release|x86 = Release|x86
	EndGlobalSection
	GlobalSection(ProjectConfigurationPlatforms) = postSolution
		{CE3BBE5D-F7EF-4BC4-8DAD-627F10E35886}.Debug|Any CPU.ActiveCfg = Debug|Any CPU
		{CE3BBE5D-F7EF-4BC4-8DAD-627F10E35886}.Debug|Any CPU.Build.0 = Debug|Any CPU
		{CE3BBE5D-F7EF-4BC4-8DAD-627F10E35886}.Debug|x64.ActiveCfg = Debug|Any CPU
		{CE3BBE5D-F7EF-4BC4-8DAD-627F10E35886}.Debug|x64.Build.0 = Debug|Any CPU
		{CE3BBE5D-F7EF-4BC4-8DAD-627F10E35886}.Debug|x86.ActiveCfg = Debug|Any CPU
		{CE3BBE5D-F7EF-4BC4-8DAD-627F10E35886}.Debug|x86.Build.0 = Debug|Any CPU
		{CE3BBE5D-F7EF-4BC4-8DAD-627F10E35886}.Release|Any CPU.ActiveCfg = Release|Any CPU
		{CE3BBE5D-F7EF-4BC4-8DAD-627F10E35886}.Release|Any CPU.Build.0 = Release|Any CPU
		{CE3BBE5D-F7EF-4BC4-8DAD-627F10E35886}.Release|x64.ActiveCfg = Release|Any CPU
		{CE3BBE5D-F7EF-4BC4-8DAD-627F10E35886}.Release|x64.Build.0 = Release|Any CPU
		{CE3BBE5D-F7EF-4BC4-8DAD-627F10E35886}.Release|x86.ActiveCfg = Release|Any CPU
		{CE3BBE5D-F7EF-4BC4-8DAD-627F10E35886}.Release|x86.Build.0 = Release|Any CPU
		{8A7EA6B8-7227-48F5-B9A2-F86C94D59E6D}.Debug|Any CPU.ActiveCfg = Debug|Any CPU
		{8A7EA6B8-7227-48F5-B9A2-F86C94D59E6D}.Debug|Any CPU.Build.0 = Debug|Any CPU
		{8A7EA6B8-7227-48F5-B9A2-F86C94D59E6D}.Debug|x64.ActiveCfg = Debug|Any CPU
		{8A7EA6B8-7227-48F5-B9A2-F86C94D59E6D}.Debug|x64.Build.0 = Debug|Any CPU
		{8A7EA6B8-7227-48F5-B9A2-F86C94D59E6D}.Debug|x86.ActiveCfg = Debug|Any CPU
		{8A7EA6B8-7227-48F5-B9A2-F86C94D59E6D}.Debug|x86.Build.0 = Debug|Any CPU
		{8A7EA6B8-7227-48F5-B9A2-F86C94D59E6D}.Release|Any CPU.ActiveCfg = Release|Any CPU
		{8A7EA6B8-7227-48F5-B9A2-F86C94D59E6D}.Release|Any CPU.Build.0 = Release|Any CPU
		{8A7EA6B8-7227-48F5-B9A2-F86C94D59E6D}.Release|x64.ActiveCfg = Release|Any CPU
		{8A7EA6B8-7227-48F5-B9A2-F86C94D59E6D}.Release|x64.Build.0 = Release|Any CPU
		{8A7EA6B8-7227-48F5-B9A2-F86C94D59E6D}.Release|x86.ActiveCfg = Release|Any CPU
		{8A7EA6B8-7227-48F5-B9A2-F86C94D59E6D}.Release|x86.Build.0 = Release|Any CPU
		{8293108B-8BB6-4E2A-B029-923D19EB55DE}.Debug|Any CPU.ActiveCfg = Debug|Any CPU
		{8293108B-8BB6-4E2A-B029-923D19EB55DE}.Debug|Any CPU.Build.0 = Debug|Any CPU
		{8293108B-8BB6-4E2A-B029-923D19EB55DE}.Debug|x64.ActiveCfg = Debug|Any CPU
		{8293108B-8BB6-4E2A-B029-923D19EB55DE}.Debug|x64.Build.0 = Debug|Any CPU
		{8293108B-8BB6-4E2A-B029-923D19EB55DE}.Debug|x86.ActiveCfg = Debug|Any CPU
		{8293108B-8BB6-4E2A-B029-923D19EB55DE}.Debug|x86.Build.0 = Debug|Any CPU
		{8293108B-8BB6-4E2A-B029-923D19EB55DE}.Release|Any CPU.ActiveCfg = Release|Any CPU
		{8293108B-8BB6-4E2A-B029-923D19EB55DE}.Release|Any CPU.Build.0 = Release|Any CPU
		{8293108B-8BB6-4E2A-B029-923D19EB55DE}.Release|x64.ActiveCfg = Release|Any CPU
		{8293108B-8BB6-4E2A-B029-923D19EB55DE}.Release|x64.Build.0 = Release|Any CPU
		{8293108B-8BB6-4E2A-B029-923D19EB55DE}.Release|x86.ActiveCfg = Release|Any CPU
		{8293108B-8BB6-4E2A-B029-923D19EB55DE}.Release|x86.Build.0 = Release|Any CPU
		{177C988C-3231-4F42-9667-CAFB91E5D629}.Debug|Any CPU.ActiveCfg = Debug|Any CPU
		{177C988C-3231-4F42-9667-CAFB91E5D629}.Debug|Any CPU.Build.0 = Debug|Any CPU
		{177C988C-3231-4F42-9667-CAFB91E5D629}.Debug|x64.ActiveCfg = Debug|Any CPU
		{177C988C-3231-4F42-9667-CAFB91E5D629}.Debug|x64.Build.0 = Debug|Any CPU
		{177C988C-3231-4F42-9667-CAFB91E5D629}.Debug|x86.ActiveCfg = Debug|Any CPU
		{177C988C-3231-4F42-9667-CAFB91E5D629}.Debug|x86.Build.0 = Debug|Any CPU
		{177C988C-3231-4F42-9667-CAFB91E5D629}.Release|Any CPU.ActiveCfg = Release|Any CPU
		{177C988C-3231-4F42-9667-CAFB91E5D629}.Release|Any CPU.Build.0 = Release|Any CPU
		{177C988C-3231-4F42-9667-CAFB91E5D629}.Release|x64.ActiveCfg = Release|Any CPU
		{177C988C-3231-4F42-9667-CAFB91E5D629}.Release|x64.Build.0 = Release|Any CPU
		{177C988C-3231-4F42-9667-CAFB91E5D629}.Release|x86.ActiveCfg = Release|Any CPU
		{177C988C-3231-4F42-9667-CAFB91E5D629}.Release|x86.Build.0 = Release|Any CPU
		{D763077B-AFD7-4A65-AFFE-DC95093473D4}.Debug|Any CPU.ActiveCfg = Debug|Any CPU
		{D763077B-AFD7-4A65-AFFE-DC95093473D4}.Debug|Any CPU.Build.0 = Debug|Any CPU
		{D763077B-AFD7-4A65-AFFE-DC95093473D4}.Debug|x64.ActiveCfg = Debug|x64
		{D763077B-AFD7-4A65-AFFE-DC95093473D4}.Debug|x64.Build.0 = Debug|x64
		{D763077B-AFD7-4A65-AFFE-DC95093473D4}.Debug|x86.ActiveCfg = Debug|x86
		{D763077B-AFD7-4A65-AFFE-DC95093473D4}.Debug|x86.Build.0 = Debug|x86
		{D763077B-AFD7-4A65-AFFE-DC95093473D4}.Release|Any CPU.ActiveCfg = Release|Any CPU
		{D763077B-AFD7-4A65-AFFE-DC95093473D4}.Release|Any CPU.Build.0 = Release|Any CPU
		{D763077B-AFD7-4A65-AFFE-DC95093473D4}.Release|x64.ActiveCfg = Release|x64
		{D763077B-AFD7-4A65-AFFE-DC95093473D4}.Release|x64.Build.0 = Release|x64
		{D763077B-AFD7-4A65-AFFE-DC95093473D4}.Release|x86.ActiveCfg = Release|x86
		{D763077B-AFD7-4A65-AFFE-DC95093473D4}.Release|x86.Build.0 = Release|x86
		{5611DB99-FFA3-4C4B-B1AD-80B794A5AC83}.Debug|Any CPU.ActiveCfg = Debug|Any CPU
		{5611DB99-FFA3-4C4B-B1AD-80B794A5AC83}.Debug|Any CPU.Build.0 = Debug|Any CPU
		{5611DB99-FFA3-4C4B-B1AD-80B794A5AC83}.Debug|x64.ActiveCfg = Debug|x64
		{5611DB99-FFA3-4C4B-B1AD-80B794A5AC83}.Debug|x64.Build.0 = Debug|x64
		{5611DB99-FFA3-4C4B-B1AD-80B794A5AC83}.Debug|x86.ActiveCfg = Debug|x86
		{5611DB99-FFA3-4C4B-B1AD-80B794A5AC83}.Debug|x86.Build.0 = Debug|x86
		{5611DB99-FFA3-4C4B-B1AD-80B794A5AC83}.Release|Any CPU.ActiveCfg = Release|Any CPU
		{5611DB99-FFA3-4C4B-B1AD-80B794A5AC83}.Release|Any CPU.Build.0 = Release|Any CPU
		{5611DB99-FFA3-4C4B-B1AD-80B794A5AC83}.Release|x64.ActiveCfg = Release|x64
		{5611DB99-FFA3-4C4B-B1AD-80B794A5AC83}.Release|x64.Build.0 = Release|x64
		{5611DB99-FFA3-4C4B-B1AD-80B794A5AC83}.Release|x86.ActiveCfg = Release|x86
		{5611DB99-FFA3-4C4B-B1AD-80B794A5AC83}.Release|x86.Build.0 = Release|x86
		{EB654453-75AE-4E70-9622-E058FF95CC2C}.Debug|Any CPU.ActiveCfg = Debug|Any CPU
		{EB654453-75AE-4E70-9622-E058FF95CC2C}.Debug|Any CPU.Build.0 = Debug|Any CPU
		{EB654453-75AE-4E70-9622-E058FF95CC2C}.Debug|x64.ActiveCfg = Debug|x64
		{EB654453-75AE-4E70-9622-E058FF95CC2C}.Debug|x64.Build.0 = Debug|x64
		{EB654453-75AE-4E70-9622-E058FF95CC2C}.Debug|x86.ActiveCfg = Debug|x86
		{EB654453-75AE-4E70-9622-E058FF95CC2C}.Debug|x86.Build.0 = Debug|x86
		{EB654453-75AE-4E70-9622-E058FF95CC2C}.Release|Any CPU.ActiveCfg = Release|Any CPU
		{EB654453-75AE-4E70-9622-E058FF95CC2C}.Release|Any CPU.Build.0 = Release|Any CPU
		{EB654453-75AE-4E70-9622-E058FF95CC2C}.Release|x64.ActiveCfg = Release|x64
		{EB654453-75AE-4E70-9622-E058FF95CC2C}.Release|x64.Build.0 = Release|x64
		{EB654453-75AE-4E70-9622-E058FF95CC2C}.Release|x86.ActiveCfg = Release|x86
		{EB654453-75AE-4E70-9622-E058FF95CC2C}.Release|x86.Build.0 = Release|x86
		{3636A45D-0FAE-473E-BDB7-CF2FB33C50A2}.Debug|Any CPU.ActiveCfg = Debug|Any CPU
		{3636A45D-0FAE-473E-BDB7-CF2FB33C50A2}.Debug|Any CPU.Build.0 = Debug|Any CPU
		{3636A45D-0FAE-473E-BDB7-CF2FB33C50A2}.Debug|x64.ActiveCfg = Debug|x64
		{3636A45D-0FAE-473E-BDB7-CF2FB33C50A2}.Debug|x64.Build.0 = Debug|x64
		{3636A45D-0FAE-473E-BDB7-CF2FB33C50A2}.Debug|x86.ActiveCfg = Debug|x86
		{3636A45D-0FAE-473E-BDB7-CF2FB33C50A2}.Debug|x86.Build.0 = Debug|x86
		{3636A45D-0FAE-473E-BDB7-CF2FB33C50A2}.Release|Any CPU.ActiveCfg = Release|Any CPU
		{3636A45D-0FAE-473E-BDB7-CF2FB33C50A2}.Release|Any CPU.Build.0 = Release|Any CPU
		{3636A45D-0FAE-473E-BDB7-CF2FB33C50A2}.Release|x64.ActiveCfg = Release|x64
		{3636A45D-0FAE-473E-BDB7-CF2FB33C50A2}.Release|x64.Build.0 = Release|x64
		{3636A45D-0FAE-473E-BDB7-CF2FB33C50A2}.Release|x86.ActiveCfg = Release|x86
		{3636A45D-0FAE-473E-BDB7-CF2FB33C50A2}.Release|x86.Build.0 = Release|x86
		{921594A6-4E1E-439B-A9E7-9CFCE18FF714}.Debug|Any CPU.ActiveCfg = Debug|Any CPU
		{921594A6-4E1E-439B-A9E7-9CFCE18FF714}.Debug|Any CPU.Build.0 = Debug|Any CPU
		{921594A6-4E1E-439B-A9E7-9CFCE18FF714}.Debug|x64.ActiveCfg = Debug|x64
		{921594A6-4E1E-439B-A9E7-9CFCE18FF714}.Debug|x64.Build.0 = Debug|x64
		{921594A6-4E1E-439B-A9E7-9CFCE18FF714}.Debug|x86.ActiveCfg = Debug|x86
		{921594A6-4E1E-439B-A9E7-9CFCE18FF714}.Debug|x86.Build.0 = Debug|x86
		{921594A6-4E1E-439B-A9E7-9CFCE18FF714}.Release|Any CPU.ActiveCfg = Release|Any CPU
		{921594A6-4E1E-439B-A9E7-9CFCE18FF714}.Release|Any CPU.Build.0 = Release|Any CPU
		{921594A6-4E1E-439B-A9E7-9CFCE18FF714}.Release|x64.ActiveCfg = Release|x64
		{921594A6-4E1E-439B-A9E7-9CFCE18FF714}.Release|x64.Build.0 = Release|x64
		{921594A6-4E1E-439B-A9E7-9CFCE18FF714}.Release|x86.ActiveCfg = Release|x86
		{921594A6-4E1E-439B-A9E7-9CFCE18FF714}.Release|x86.Build.0 = Release|x86
		{34ECB11D-90B3-40D8-92E3-3D336017D23C}.Debug|Any CPU.ActiveCfg = Debug|Any CPU
		{34ECB11D-90B3-40D8-92E3-3D336017D23C}.Debug|Any CPU.Build.0 = Debug|Any CPU
		{34ECB11D-90B3-40D8-92E3-3D336017D23C}.Debug|x64.ActiveCfg = Debug|x64
		{34ECB11D-90B3-40D8-92E3-3D336017D23C}.Debug|x64.Build.0 = Debug|x64
		{34ECB11D-90B3-40D8-92E3-3D336017D23C}.Debug|x86.ActiveCfg = Debug|x86
		{34ECB11D-90B3-40D8-92E3-3D336017D23C}.Debug|x86.Build.0 = Debug|x86
		{34ECB11D-90B3-40D8-92E3-3D336017D23C}.Release|Any CPU.ActiveCfg = Release|Any CPU
		{34ECB11D-90B3-40D8-92E3-3D336017D23C}.Release|Any CPU.Build.0 = Release|Any CPU
		{34ECB11D-90B3-40D8-92E3-3D336017D23C}.Release|x64.ActiveCfg = Release|x64
		{34ECB11D-90B3-40D8-92E3-3D336017D23C}.Release|x64.Build.0 = Release|x64
		{34ECB11D-90B3-40D8-92E3-3D336017D23C}.Release|x86.ActiveCfg = Release|x86
		{34ECB11D-90B3-40D8-92E3-3D336017D23C}.Release|x86.Build.0 = Release|x86
		{946EC008-E994-4105-9FDB-1F1F6AE946CA}.Debug|Any CPU.ActiveCfg = Debug|Any CPU
		{946EC008-E994-4105-9FDB-1F1F6AE946CA}.Debug|Any CPU.Build.0 = Debug|Any CPU
		{946EC008-E994-4105-9FDB-1F1F6AE946CA}.Debug|x64.ActiveCfg = Debug|x64
		{946EC008-E994-4105-9FDB-1F1F6AE946CA}.Debug|x64.Build.0 = Debug|x64
		{946EC008-E994-4105-9FDB-1F1F6AE946CA}.Debug|x86.ActiveCfg = Debug|x86
		{946EC008-E994-4105-9FDB-1F1F6AE946CA}.Debug|x86.Build.0 = Debug|x86
		{946EC008-E994-4105-9FDB-1F1F6AE946CA}.Release|Any CPU.ActiveCfg = Release|Any CPU
		{946EC008-E994-4105-9FDB-1F1F6AE946CA}.Release|Any CPU.Build.0 = Release|Any CPU
		{946EC008-E994-4105-9FDB-1F1F6AE946CA}.Release|x64.ActiveCfg = Release|x64
		{946EC008-E994-4105-9FDB-1F1F6AE946CA}.Release|x64.Build.0 = Release|x64
		{946EC008-E994-4105-9FDB-1F1F6AE946CA}.Release|x86.ActiveCfg = Release|x86
		{946EC008-E994-4105-9FDB-1F1F6AE946CA}.Release|x86.Build.0 = Release|x86
		{FECE0B29-53FF-4455-BE09-F79E1D9382C2}.Debug|Any CPU.ActiveCfg = Debug|Any CPU
		{FECE0B29-53FF-4455-BE09-F79E1D9382C2}.Debug|Any CPU.Build.0 = Debug|Any CPU
		{FECE0B29-53FF-4455-BE09-F79E1D9382C2}.Debug|x64.ActiveCfg = Debug|x64
		{FECE0B29-53FF-4455-BE09-F79E1D9382C2}.Debug|x64.Build.0 = Debug|x64
		{FECE0B29-53FF-4455-BE09-F79E1D9382C2}.Debug|x86.ActiveCfg = Debug|x86
		{FECE0B29-53FF-4455-BE09-F79E1D9382C2}.Debug|x86.Build.0 = Debug|x86
		{FECE0B29-53FF-4455-BE09-F79E1D9382C2}.Release|Any CPU.ActiveCfg = Release|Any CPU
		{FECE0B29-53FF-4455-BE09-F79E1D9382C2}.Release|Any CPU.Build.0 = Release|Any CPU
		{FECE0B29-53FF-4455-BE09-F79E1D9382C2}.Release|x64.ActiveCfg = Release|x64
		{FECE0B29-53FF-4455-BE09-F79E1D9382C2}.Release|x64.Build.0 = Release|x64
		{FECE0B29-53FF-4455-BE09-F79E1D9382C2}.Release|x86.ActiveCfg = Release|x86
		{FECE0B29-53FF-4455-BE09-F79E1D9382C2}.Release|x86.Build.0 = Release|x86
		{9FD7C279-85EC-4E7D-8175-4919B09CF31E}.Debug|Any CPU.ActiveCfg = Debug|Any CPU
		{9FD7C279-85EC-4E7D-8175-4919B09CF31E}.Debug|Any CPU.Build.0 = Debug|Any CPU
		{9FD7C279-85EC-4E7D-8175-4919B09CF31E}.Debug|x64.ActiveCfg = Debug|x64
		{9FD7C279-85EC-4E7D-8175-4919B09CF31E}.Debug|x64.Build.0 = Debug|x64
		{9FD7C279-85EC-4E7D-8175-4919B09CF31E}.Debug|x86.ActiveCfg = Debug|x86
		{9FD7C279-85EC-4E7D-8175-4919B09CF31E}.Debug|x86.Build.0 = Debug|x86
		{9FD7C279-85EC-4E7D-8175-4919B09CF31E}.Release|Any CPU.ActiveCfg = Release|Any CPU
		{9FD7C279-85EC-4E7D-8175-4919B09CF31E}.Release|Any CPU.Build.0 = Release|Any CPU
		{9FD7C279-85EC-4E7D-8175-4919B09CF31E}.Release|x64.ActiveCfg = Release|x64
		{9FD7C279-85EC-4E7D-8175-4919B09CF31E}.Release|x64.Build.0 = Release|x64
		{9FD7C279-85EC-4E7D-8175-4919B09CF31E}.Release|x86.ActiveCfg = Release|x86
		{9FD7C279-85EC-4E7D-8175-4919B09CF31E}.Release|x86.Build.0 = Release|x86
		{BBA445CE-3628-481D-8D48-060510BAA54C}.Debug|Any CPU.ActiveCfg = Debug|Any CPU
		{BBA445CE-3628-481D-8D48-060510BAA54C}.Debug|Any CPU.Build.0 = Debug|Any CPU
		{BBA445CE-3628-481D-8D48-060510BAA54C}.Debug|x64.ActiveCfg = Debug|x64
		{BBA445CE-3628-481D-8D48-060510BAA54C}.Debug|x64.Build.0 = Debug|x64
		{BBA445CE-3628-481D-8D48-060510BAA54C}.Debug|x86.ActiveCfg = Debug|x86
		{BBA445CE-3628-481D-8D48-060510BAA54C}.Debug|x86.Build.0 = Debug|x86
		{BBA445CE-3628-481D-8D48-060510BAA54C}.Release|Any CPU.ActiveCfg = Release|Any CPU
		{BBA445CE-3628-481D-8D48-060510BAA54C}.Release|Any CPU.Build.0 = Release|Any CPU
		{BBA445CE-3628-481D-8D48-060510BAA54C}.Release|x64.ActiveCfg = Release|x64
		{BBA445CE-3628-481D-8D48-060510BAA54C}.Release|x64.Build.0 = Release|x64
		{BBA445CE-3628-481D-8D48-060510BAA54C}.Release|x86.ActiveCfg = Release|x86
		{BBA445CE-3628-481D-8D48-060510BAA54C}.Release|x86.Build.0 = Release|x86
		{55FADBCE-E813-40BB-894C-651DBD179325}.Debug|Any CPU.ActiveCfg = Debug|Any CPU
		{55FADBCE-E813-40BB-894C-651DBD179325}.Debug|Any CPU.Build.0 = Debug|Any CPU
		{55FADBCE-E813-40BB-894C-651DBD179325}.Debug|x64.ActiveCfg = Debug|x64
		{55FADBCE-E813-40BB-894C-651DBD179325}.Debug|x64.Build.0 = Debug|x64
		{55FADBCE-E813-40BB-894C-651DBD179325}.Debug|x86.ActiveCfg = Debug|x86
		{55FADBCE-E813-40BB-894C-651DBD179325}.Debug|x86.Build.0 = Debug|x86
		{55FADBCE-E813-40BB-894C-651DBD179325}.Release|Any CPU.ActiveCfg = Release|Any CPU
		{55FADBCE-E813-40BB-894C-651DBD179325}.Release|Any CPU.Build.0 = Release|Any CPU
		{55FADBCE-E813-40BB-894C-651DBD179325}.Release|x64.ActiveCfg = Release|x64
		{55FADBCE-E813-40BB-894C-651DBD179325}.Release|x64.Build.0 = Release|x64
		{55FADBCE-E813-40BB-894C-651DBD179325}.Release|x86.ActiveCfg = Release|x86
		{55FADBCE-E813-40BB-894C-651DBD179325}.Release|x86.Build.0 = Release|x86
	EndGlobalSection
	GlobalSection(SolutionProperties) = preSolution
		HideSolutionNode = FALSE
	EndGlobalSection
	GlobalSection(ExtensibilityGlobals) = postSolution
		SolutionGuid = {F07AD081-5DEF-423A-8D65-25351314BB6E}
	EndGlobalSection
EndGlobal
