Microsoft Visual Studio Solution File, Format Version 12.00
# Visual Studio 15
VisualStudioVersion = 15.0.26430.16
MinimumVisualStudioVersion = 15.0.26124.0
Project("{9A19103F-16F7-4668-BE54-9A1E7A4F7556}") = "CoreExtensions", "CoreExtensions\CoreExtensions.csproj", "{CE3BBE5D-F7EF-4BC4-8DAD-627F10E35886}"
EndProject
Project("{9A19103F-16F7-4668-BE54-9A1E7A4F7556}") = "Abstract", "Abstract\Abstract.csproj", "{8293108B-8BB6-4E2A-B029-923D19EB55DE}"
EndProject
Project("{9A19103F-16F7-4668-BE54-9A1E7A4F7556}") = "Enums", "Enums\Enums.csproj", "{177C988C-3231-4F42-9667-CAFB91E5D629}"
EndProject
Project("{9A19103F-16F7-4668-BE54-9A1E7A4F7556}") = "Authentication", "Authentication\Authentication.csproj", "{D763077B-AFD7-4A65-AFFE-DC95093473D4}"
EndProject
Project("{9A19103F-16F7-4668-BE54-9A1E7A4F7556}") = "Constants", "Constants\Constants.csproj", "{5611DB99-FFA3-4C4B-B1AD-80B794A5AC83}"
EndProject
Project("{9A19103F-16F7-4668-BE54-9A1E7A4F7556}") = "Configuration", "Configuration\Configuration.csproj", "{EB654453-75AE-4E70-9622-E058FF95CC2C}"
EndProject
Project("{9A19103F-16F7-4668-BE54-9A1E7A4F7556}") = "Caching", "Caching\Caching.csproj", "{3636A45D-0FAE-473E-BDB7-CF2FB33C50A2}"
EndProject
Project("{9A19103F-16F7-4668-BE54-9A1E7A4F7556}") = "CoreServices", "CoreServices\CoreServices.csproj", "{34ECB11D-90B3-40D8-92E3-3D336017D23C}"
EndProject
Project("{9A19103F-16F7-4668-BE54-9A1E7A4F7556}") = "Dto", "Dto\Dto.csproj", "{14DE1A6F-E0E6-4EE9-A1B8-50D50AAD3423}"
EndProject
Project("{9A19103F-16F7-4668-BE54-9A1E7A4F7556}") = "TestClasses", "TestClasses\TestClasses.csproj", "{D2DFC46E-C885-42AE-8C15-3CCEA66B4BFF}"
EndProject
Project("{9A19103F-16F7-4668-BE54-9A1E7A4F7556}") = "AbstractUnitTests", "AbstractUnitTests\AbstractUnitTests.csproj", "{6F985E74-0A98-4D3F-8B7C-3A4DB736C791}"
EndProject
Project("{9A19103F-16F7-4668-BE54-9A1E7A4F7556}") = "AuthenticationUnitTests", "AuthenticationUnitTests\AuthenticationUnitTests.csproj", "{6D5CDEB3-ABCD-4C75-9B4E-A9A0E82B9079}"
EndProject
Project("{9A19103F-16F7-4668-BE54-9A1E7A4F7556}") = "CachingUnitTests", "CachingUnitTests\CachingUnitTests.csproj", "{70645F2D-93ED-4071-8ADF-1B866A581DEC}"
EndProject
Project("{9A19103F-16F7-4668-BE54-9A1E7A4F7556}") = "ConfigurationUnitTests", "ConfigurationUnitTests\ConfigurationUnitTests.csproj", "{2B72145A-79ED-4422-B421-BDE35DC81436}"
EndProject
Project("{9A19103F-16F7-4668-BE54-9A1E7A4F7556}") = "ConstantsUnitTests", "ConstantsUnitTests\ConstantsUnitTests.csproj", "{24188DDB-9F94-4198-B0DD-0A0A542E48E8}"
EndProject
Project("{9A19103F-16F7-4668-BE54-9A1E7A4F7556}") = "CoreExtensionsUnitTests", "CoreExtensionsUnitTests\CoreExtensionsUnitTests.csproj", "{65F8EE00-35D8-46B3-8804-73C08E0B651B}"
EndProject
Project("{9A19103F-16F7-4668-BE54-9A1E7A4F7556}") = "CoreServicesUnitTests", "CoreServicesUnitTests\CoreServicesUnitTests.csproj", "{E17E52B6-71D6-4768-B616-B262449A81C0}"
EndProject
Project("{9A19103F-16F7-4668-BE54-9A1E7A4F7556}") = "DtoUnitTests", "DtoUnitTests\DtoUnitTests.csproj", "{C2E0BF82-7857-422C-979F-119D05BB379A}"
EndProject
Project("{9A19103F-16F7-4668-BE54-9A1E7A4F7556}") = "EnumsUnitTests", "EnumsUnitTests\EnumsUnitTests.csproj", "{79E0E5C0-AC33-4E7C-8870-801D70A62F20}"
EndProject
Project("{9A19103F-16F7-4668-BE54-9A1E7A4F7556}") = "DtoIntegrationTests", "DtoIntegrationTests\DtoIntegrationTests.csproj", "{FD269D0C-A56E-4595-9816-F7F72FF88D52}"
EndProject
Project("{9A19103F-16F7-4668-BE54-9A1E7A4F7556}") = "CoreServicesIntegrationTests", "CoreServicesIntegrationTests\CoreServicesIntegrationTests.csproj", "{80165E23-7C11-4D47-B464-4677F2D84481}"
EndProject
Project("{9A19103F-16F7-4668-BE54-9A1E7A4F7556}") = "ConfigurationIntegrationTests", "ConfigurationIntegrationTests\ConfigurationIntegrationTests.csproj", "{59E28E58-E1AC-450B-9A18-61E24478DDEE}"
EndProject
Project("{9A19103F-16F7-4668-BE54-9A1E7A4F7556}") = "AuthenticationIntegrationTests", "AuthenticationIntegrationTests\AuthenticationIntegrationTests.csproj", "{A9854F72-36D7-4C5A-AE67-1C9199424020}"
EndProject
Project("{9A19103F-16F7-4668-BE54-9A1E7A4F7556}") = "AbstractIntegrationTests", "AbstractIntegrationTests\AbstractIntegrationTests.csproj", "{E000C98B-026E-4356-BA4D-F892CC0EB13B}"
EndProject
Project("{9A19103F-16F7-4668-BE54-9A1E7A4F7556}") = "CachingRedis", "CachingRedis\CachingRedis.csproj", "{B00AD11A-5E19-4AB3-8297-C9801491B035}"
EndProject
Project("{FAE04EC0-301F-11D3-BF4B-00C04F79EFBC}") = "CachingRedisUnitTests", "CachingRedisUnitTests\CachingRedisUnitTests.csproj", "{EF7FEA8F-56B7-4B0F-9476-869276F669B5}"
EndProject
Project("{FAE04EC0-301F-11D3-BF4B-00C04F79EFBC}") = "Worker", "Worker\Worker.csproj", "{7F37B987-9089-4A48-B5ED-2BD238D58B0F}"
EndProject
Global
	GlobalSection(SolutionConfigurationPlatforms) = preSolution
		Debug|Any CPU = Debug|Any CPU
		Debug|x64 = Debug|x64
		Debug|x86 = Debug|x86
		Release|Any CPU = Release|Any CPU
		Release|x64 = Release|x64
		Release|x86 = Release|x86
	EndGlobalSection
	GlobalSection(ProjectConfigurationPlatforms) = postSolution
		{CE3BBE5D-F7EF-4BC4-8DAD-627F10E35886}.Debug|Any CPU.ActiveCfg = Debug|Any CPU
		{CE3BBE5D-F7EF-4BC4-8DAD-627F10E35886}.Debug|Any CPU.Build.0 = Debug|Any CPU
		{CE3BBE5D-F7EF-4BC4-8DAD-627F10E35886}.Debug|x64.ActiveCfg = Debug|Any CPU
		{CE3BBE5D-F7EF-4BC4-8DAD-627F10E35886}.Debug|x64.Build.0 = Debug|Any CPU
		{CE3BBE5D-F7EF-4BC4-8DAD-627F10E35886}.Debug|x86.ActiveCfg = Debug|Any CPU
		{CE3BBE5D-F7EF-4BC4-8DAD-627F10E35886}.Debug|x86.Build.0 = Debug|Any CPU
		{CE3BBE5D-F7EF-4BC4-8DAD-627F10E35886}.Release|Any CPU.ActiveCfg = Release|Any CPU
		{CE3BBE5D-F7EF-4BC4-8DAD-627F10E35886}.Release|Any CPU.Build.0 = Release|Any CPU
		{CE3BBE5D-F7EF-4BC4-8DAD-627F10E35886}.Release|x64.ActiveCfg = Release|Any CPU
		{CE3BBE5D-F7EF-4BC4-8DAD-627F10E35886}.Release|x64.Build.0 = Release|Any CPU
		{CE3BBE5D-F7EF-4BC4-8DAD-627F10E35886}.Release|x86.ActiveCfg = Release|Any CPU
		{CE3BBE5D-F7EF-4BC4-8DAD-627F10E35886}.Release|x86.Build.0 = Release|Any CPU
		{8293108B-8BB6-4E2A-B029-923D19EB55DE}.Debug|Any CPU.ActiveCfg = Debug|Any CPU
		{8293108B-8BB6-4E2A-B029-923D19EB55DE}.Debug|Any CPU.Build.0 = Debug|Any CPU
		{8293108B-8BB6-4E2A-B029-923D19EB55DE}.Debug|x64.ActiveCfg = Debug|Any CPU
		{8293108B-8BB6-4E2A-B029-923D19EB55DE}.Debug|x64.Build.0 = Debug|Any CPU
		{8293108B-8BB6-4E2A-B029-923D19EB55DE}.Debug|x86.ActiveCfg = Debug|Any CPU
		{8293108B-8BB6-4E2A-B029-923D19EB55DE}.Debug|x86.Build.0 = Debug|Any CPU
		{8293108B-8BB6-4E2A-B029-923D19EB55DE}.Release|Any CPU.ActiveCfg = Release|Any CPU
		{8293108B-8BB6-4E2A-B029-923D19EB55DE}.Release|Any CPU.Build.0 = Release|Any CPU
		{8293108B-8BB6-4E2A-B029-923D19EB55DE}.Release|x64.ActiveCfg = Release|Any CPU
		{8293108B-8BB6-4E2A-B029-923D19EB55DE}.Release|x64.Build.0 = Release|Any CPU
		{8293108B-8BB6-4E2A-B029-923D19EB55DE}.Release|x86.ActiveCfg = Release|Any CPU
		{8293108B-8BB6-4E2A-B029-923D19EB55DE}.Release|x86.Build.0 = Release|Any CPU
		{177C988C-3231-4F42-9667-CAFB91E5D629}.Debug|Any CPU.ActiveCfg = Debug|Any CPU
		{177C988C-3231-4F42-9667-CAFB91E5D629}.Debug|Any CPU.Build.0 = Debug|Any CPU
		{177C988C-3231-4F42-9667-CAFB91E5D629}.Debug|x64.ActiveCfg = Debug|Any CPU
		{177C988C-3231-4F42-9667-CAFB91E5D629}.Debug|x64.Build.0 = Debug|Any CPU
		{177C988C-3231-4F42-9667-CAFB91E5D629}.Debug|x86.ActiveCfg = Debug|Any CPU
		{177C988C-3231-4F42-9667-CAFB91E5D629}.Debug|x86.Build.0 = Debug|Any CPU
		{177C988C-3231-4F42-9667-CAFB91E5D629}.Release|Any CPU.ActiveCfg = Release|Any CPU
		{177C988C-3231-4F42-9667-CAFB91E5D629}.Release|Any CPU.Build.0 = Release|Any CPU
		{177C988C-3231-4F42-9667-CAFB91E5D629}.Release|x64.ActiveCfg = Release|Any CPU
		{177C988C-3231-4F42-9667-CAFB91E5D629}.Release|x64.Build.0 = Release|Any CPU
		{177C988C-3231-4F42-9667-CAFB91E5D629}.Release|x86.ActiveCfg = Release|Any CPU
		{177C988C-3231-4F42-9667-CAFB91E5D629}.Release|x86.Build.0 = Release|Any CPU
		{D763077B-AFD7-4A65-AFFE-DC95093473D4}.Debug|Any CPU.ActiveCfg = Debug|Any CPU
		{D763077B-AFD7-4A65-AFFE-DC95093473D4}.Debug|Any CPU.Build.0 = Debug|Any CPU
		{D763077B-AFD7-4A65-AFFE-DC95093473D4}.Debug|x64.ActiveCfg = Debug|Any CPU
		{D763077B-AFD7-4A65-AFFE-DC95093473D4}.Debug|x64.Build.0 = Debug|Any CPU
		{D763077B-AFD7-4A65-AFFE-DC95093473D4}.Debug|x86.ActiveCfg = Debug|Any CPU
		{D763077B-AFD7-4A65-AFFE-DC95093473D4}.Debug|x86.Build.0 = Debug|Any CPU
		{D763077B-AFD7-4A65-AFFE-DC95093473D4}.Release|Any CPU.ActiveCfg = Release|Any CPU
		{D763077B-AFD7-4A65-AFFE-DC95093473D4}.Release|Any CPU.Build.0 = Release|Any CPU
		{D763077B-AFD7-4A65-AFFE-DC95093473D4}.Release|x64.ActiveCfg = Release|Any CPU
		{D763077B-AFD7-4A65-AFFE-DC95093473D4}.Release|x64.Build.0 = Release|Any CPU
		{D763077B-AFD7-4A65-AFFE-DC95093473D4}.Release|x86.ActiveCfg = Release|Any CPU
		{D763077B-AFD7-4A65-AFFE-DC95093473D4}.Release|x86.Build.0 = Release|Any CPU
		{5611DB99-FFA3-4C4B-B1AD-80B794A5AC83}.Debug|Any CPU.ActiveCfg = Debug|Any CPU
		{5611DB99-FFA3-4C4B-B1AD-80B794A5AC83}.Debug|Any CPU.Build.0 = Debug|Any CPU
		{5611DB99-FFA3-4C4B-B1AD-80B794A5AC83}.Debug|x64.ActiveCfg = Debug|Any CPU
		{5611DB99-FFA3-4C4B-B1AD-80B794A5AC83}.Debug|x64.Build.0 = Debug|Any CPU
		{5611DB99-FFA3-4C4B-B1AD-80B794A5AC83}.Debug|x86.ActiveCfg = Debug|Any CPU
		{5611DB99-FFA3-4C4B-B1AD-80B794A5AC83}.Debug|x86.Build.0 = Debug|Any CPU
		{5611DB99-FFA3-4C4B-B1AD-80B794A5AC83}.Release|Any CPU.ActiveCfg = Release|Any CPU
		{5611DB99-FFA3-4C4B-B1AD-80B794A5AC83}.Release|Any CPU.Build.0 = Release|Any CPU
		{5611DB99-FFA3-4C4B-B1AD-80B794A5AC83}.Release|x64.ActiveCfg = Release|Any CPU
		{5611DB99-FFA3-4C4B-B1AD-80B794A5AC83}.Release|x64.Build.0 = Release|Any CPU
		{5611DB99-FFA3-4C4B-B1AD-80B794A5AC83}.Release|x86.ActiveCfg = Release|Any CPU
		{5611DB99-FFA3-4C4B-B1AD-80B794A5AC83}.Release|x86.Build.0 = Release|Any CPU
		{EB654453-75AE-4E70-9622-E058FF95CC2C}.Debug|Any CPU.ActiveCfg = Debug|Any CPU
		{EB654453-75AE-4E70-9622-E058FF95CC2C}.Debug|Any CPU.Build.0 = Debug|Any CPU
		{EB654453-75AE-4E70-9622-E058FF95CC2C}.Debug|x64.ActiveCfg = Debug|Any CPU
		{EB654453-75AE-4E70-9622-E058FF95CC2C}.Debug|x64.Build.0 = Debug|Any CPU
		{EB654453-75AE-4E70-9622-E058FF95CC2C}.Debug|x86.ActiveCfg = Debug|Any CPU
		{EB654453-75AE-4E70-9622-E058FF95CC2C}.Debug|x86.Build.0 = Debug|Any CPU
		{EB654453-75AE-4E70-9622-E058FF95CC2C}.Release|Any CPU.ActiveCfg = Release|Any CPU
		{EB654453-75AE-4E70-9622-E058FF95CC2C}.Release|Any CPU.Build.0 = Release|Any CPU
		{EB654453-75AE-4E70-9622-E058FF95CC2C}.Release|x64.ActiveCfg = Release|Any CPU
		{EB654453-75AE-4E70-9622-E058FF95CC2C}.Release|x64.Build.0 = Release|Any CPU
		{EB654453-75AE-4E70-9622-E058FF95CC2C}.Release|x86.ActiveCfg = Release|Any CPU
		{EB654453-75AE-4E70-9622-E058FF95CC2C}.Release|x86.Build.0 = Release|Any CPU
		{3636A45D-0FAE-473E-BDB7-CF2FB33C50A2}.Debug|Any CPU.ActiveCfg = Debug|Any CPU
		{3636A45D-0FAE-473E-BDB7-CF2FB33C50A2}.Debug|Any CPU.Build.0 = Debug|Any CPU
		{3636A45D-0FAE-473E-BDB7-CF2FB33C50A2}.Debug|x64.ActiveCfg = Debug|Any CPU
		{3636A45D-0FAE-473E-BDB7-CF2FB33C50A2}.Debug|x64.Build.0 = Debug|Any CPU
		{3636A45D-0FAE-473E-BDB7-CF2FB33C50A2}.Debug|x86.ActiveCfg = Debug|Any CPU
		{3636A45D-0FAE-473E-BDB7-CF2FB33C50A2}.Debug|x86.Build.0 = Debug|Any CPU
		{3636A45D-0FAE-473E-BDB7-CF2FB33C50A2}.Release|Any CPU.ActiveCfg = Release|Any CPU
		{3636A45D-0FAE-473E-BDB7-CF2FB33C50A2}.Release|Any CPU.Build.0 = Release|Any CPU
		{3636A45D-0FAE-473E-BDB7-CF2FB33C50A2}.Release|x64.ActiveCfg = Release|Any CPU
		{3636A45D-0FAE-473E-BDB7-CF2FB33C50A2}.Release|x64.Build.0 = Release|Any CPU
		{3636A45D-0FAE-473E-BDB7-CF2FB33C50A2}.Release|x86.ActiveCfg = Release|Any CPU
		{3636A45D-0FAE-473E-BDB7-CF2FB33C50A2}.Release|x86.Build.0 = Release|Any CPU
		{34ECB11D-90B3-40D8-92E3-3D336017D23C}.Debug|Any CPU.ActiveCfg = Debug|Any CPU
		{34ECB11D-90B3-40D8-92E3-3D336017D23C}.Debug|Any CPU.Build.0 = Debug|Any CPU
		{34ECB11D-90B3-40D8-92E3-3D336017D23C}.Debug|x64.ActiveCfg = Debug|Any CPU
		{34ECB11D-90B3-40D8-92E3-3D336017D23C}.Debug|x64.Build.0 = Debug|Any CPU
		{34ECB11D-90B3-40D8-92E3-3D336017D23C}.Debug|x86.ActiveCfg = Debug|Any CPU
		{34ECB11D-90B3-40D8-92E3-3D336017D23C}.Debug|x86.Build.0 = Debug|Any CPU
		{34ECB11D-90B3-40D8-92E3-3D336017D23C}.Release|Any CPU.ActiveCfg = Release|Any CPU
		{34ECB11D-90B3-40D8-92E3-3D336017D23C}.Release|Any CPU.Build.0 = Release|Any CPU
		{34ECB11D-90B3-40D8-92E3-3D336017D23C}.Release|x64.ActiveCfg = Release|Any CPU
		{34ECB11D-90B3-40D8-92E3-3D336017D23C}.Release|x64.Build.0 = Release|Any CPU
		{34ECB11D-90B3-40D8-92E3-3D336017D23C}.Release|x86.ActiveCfg = Release|Any CPU
		{34ECB11D-90B3-40D8-92E3-3D336017D23C}.Release|x86.Build.0 = Release|Any CPU
		{14DE1A6F-E0E6-4EE9-A1B8-50D50AAD3423}.Debug|Any CPU.ActiveCfg = Debug|Any CPU
		{14DE1A6F-E0E6-4EE9-A1B8-50D50AAD3423}.Debug|Any CPU.Build.0 = Debug|Any CPU
		{14DE1A6F-E0E6-4EE9-A1B8-50D50AAD3423}.Debug|x64.ActiveCfg = Debug|Any CPU
		{14DE1A6F-E0E6-4EE9-A1B8-50D50AAD3423}.Debug|x64.Build.0 = Debug|Any CPU
		{14DE1A6F-E0E6-4EE9-A1B8-50D50AAD3423}.Debug|x86.ActiveCfg = Debug|Any CPU
		{14DE1A6F-E0E6-4EE9-A1B8-50D50AAD3423}.Debug|x86.Build.0 = Debug|Any CPU
		{14DE1A6F-E0E6-4EE9-A1B8-50D50AAD3423}.Release|Any CPU.ActiveCfg = Release|Any CPU
		{14DE1A6F-E0E6-4EE9-A1B8-50D50AAD3423}.Release|Any CPU.Build.0 = Release|Any CPU
		{14DE1A6F-E0E6-4EE9-A1B8-50D50AAD3423}.Release|x64.ActiveCfg = Release|Any CPU
		{14DE1A6F-E0E6-4EE9-A1B8-50D50AAD3423}.Release|x64.Build.0 = Release|Any CPU
		{14DE1A6F-E0E6-4EE9-A1B8-50D50AAD3423}.Release|x86.ActiveCfg = Release|Any CPU
		{14DE1A6F-E0E6-4EE9-A1B8-50D50AAD3423}.Release|x86.Build.0 = Release|Any CPU
		{D2DFC46E-C885-42AE-8C15-3CCEA66B4BFF}.Debug|Any CPU.ActiveCfg = Debug|Any CPU
		{D2DFC46E-C885-42AE-8C15-3CCEA66B4BFF}.Debug|Any CPU.Build.0 = Debug|Any CPU
		{D2DFC46E-C885-42AE-8C15-3CCEA66B4BFF}.Debug|x64.ActiveCfg = Debug|Any CPU
		{D2DFC46E-C885-42AE-8C15-3CCEA66B4BFF}.Debug|x64.Build.0 = Debug|Any CPU
		{D2DFC46E-C885-42AE-8C15-3CCEA66B4BFF}.Debug|x86.ActiveCfg = Debug|Any CPU
		{D2DFC46E-C885-42AE-8C15-3CCEA66B4BFF}.Debug|x86.Build.0 = Debug|Any CPU
		{D2DFC46E-C885-42AE-8C15-3CCEA66B4BFF}.Release|Any CPU.ActiveCfg = Release|Any CPU
		{D2DFC46E-C885-42AE-8C15-3CCEA66B4BFF}.Release|Any CPU.Build.0 = Release|Any CPU
		{D2DFC46E-C885-42AE-8C15-3CCEA66B4BFF}.Release|x64.ActiveCfg = Release|Any CPU
		{D2DFC46E-C885-42AE-8C15-3CCEA66B4BFF}.Release|x64.Build.0 = Release|Any CPU
		{D2DFC46E-C885-42AE-8C15-3CCEA66B4BFF}.Release|x86.ActiveCfg = Release|Any CPU
		{D2DFC46E-C885-42AE-8C15-3CCEA66B4BFF}.Release|x86.Build.0 = Release|Any CPU
		{6F985E74-0A98-4D3F-8B7C-3A4DB736C791}.Debug|Any CPU.ActiveCfg = Debug|Any CPU
		{6F985E74-0A98-4D3F-8B7C-3A4DB736C791}.Debug|Any CPU.Build.0 = Debug|Any CPU
		{6F985E74-0A98-4D3F-8B7C-3A4DB736C791}.Debug|x64.ActiveCfg = Debug|Any CPU
		{6F985E74-0A98-4D3F-8B7C-3A4DB736C791}.Debug|x64.Build.0 = Debug|Any CPU
		{6F985E74-0A98-4D3F-8B7C-3A4DB736C791}.Debug|x86.ActiveCfg = Debug|Any CPU
		{6F985E74-0A98-4D3F-8B7C-3A4DB736C791}.Debug|x86.Build.0 = Debug|Any CPU
		{6F985E74-0A98-4D3F-8B7C-3A4DB736C791}.Release|Any CPU.ActiveCfg = Release|Any CPU
		{6F985E74-0A98-4D3F-8B7C-3A4DB736C791}.Release|Any CPU.Build.0 = Release|Any CPU
		{6F985E74-0A98-4D3F-8B7C-3A4DB736C791}.Release|x64.ActiveCfg = Release|Any CPU
		{6F985E74-0A98-4D3F-8B7C-3A4DB736C791}.Release|x64.Build.0 = Release|Any CPU
		{6F985E74-0A98-4D3F-8B7C-3A4DB736C791}.Release|x86.ActiveCfg = Release|Any CPU
		{6F985E74-0A98-4D3F-8B7C-3A4DB736C791}.Release|x86.Build.0 = Release|Any CPU
		{6D5CDEB3-ABCD-4C75-9B4E-A9A0E82B9079}.Debug|Any CPU.ActiveCfg = Debug|Any CPU
		{6D5CDEB3-ABCD-4C75-9B4E-A9A0E82B9079}.Debug|Any CPU.Build.0 = Debug|Any CPU
		{6D5CDEB3-ABCD-4C75-9B4E-A9A0E82B9079}.Debug|x64.ActiveCfg = Debug|Any CPU
		{6D5CDEB3-ABCD-4C75-9B4E-A9A0E82B9079}.Debug|x64.Build.0 = Debug|Any CPU
		{6D5CDEB3-ABCD-4C75-9B4E-A9A0E82B9079}.Debug|x86.ActiveCfg = Debug|Any CPU
		{6D5CDEB3-ABCD-4C75-9B4E-A9A0E82B9079}.Debug|x86.Build.0 = Debug|Any CPU
		{6D5CDEB3-ABCD-4C75-9B4E-A9A0E82B9079}.Release|Any CPU.ActiveCfg = Release|Any CPU
		{6D5CDEB3-ABCD-4C75-9B4E-A9A0E82B9079}.Release|Any CPU.Build.0 = Release|Any CPU
		{6D5CDEB3-ABCD-4C75-9B4E-A9A0E82B9079}.Release|x64.ActiveCfg = Release|Any CPU
		{6D5CDEB3-ABCD-4C75-9B4E-A9A0E82B9079}.Release|x64.Build.0 = Release|Any CPU
		{6D5CDEB3-ABCD-4C75-9B4E-A9A0E82B9079}.Release|x86.ActiveCfg = Release|Any CPU
		{6D5CDEB3-ABCD-4C75-9B4E-A9A0E82B9079}.Release|x86.Build.0 = Release|Any CPU
		{70645F2D-93ED-4071-8ADF-1B866A581DEC}.Debug|Any CPU.ActiveCfg = Debug|Any CPU
		{70645F2D-93ED-4071-8ADF-1B866A581DEC}.Debug|Any CPU.Build.0 = Debug|Any CPU
		{70645F2D-93ED-4071-8ADF-1B866A581DEC}.Debug|x64.ActiveCfg = Debug|Any CPU
		{70645F2D-93ED-4071-8ADF-1B866A581DEC}.Debug|x64.Build.0 = Debug|Any CPU
		{70645F2D-93ED-4071-8ADF-1B866A581DEC}.Debug|x86.ActiveCfg = Debug|Any CPU
		{70645F2D-93ED-4071-8ADF-1B866A581DEC}.Debug|x86.Build.0 = Debug|Any CPU
		{70645F2D-93ED-4071-8ADF-1B866A581DEC}.Release|Any CPU.ActiveCfg = Release|Any CPU
		{70645F2D-93ED-4071-8ADF-1B866A581DEC}.Release|Any CPU.Build.0 = Release|Any CPU
		{70645F2D-93ED-4071-8ADF-1B866A581DEC}.Release|x64.ActiveCfg = Release|Any CPU
		{70645F2D-93ED-4071-8ADF-1B866A581DEC}.Release|x64.Build.0 = Release|Any CPU
		{70645F2D-93ED-4071-8ADF-1B866A581DEC}.Release|x86.ActiveCfg = Release|Any CPU
		{70645F2D-93ED-4071-8ADF-1B866A581DEC}.Release|x86.Build.0 = Release|Any CPU
		{2B72145A-79ED-4422-B421-BDE35DC81436}.Debug|Any CPU.ActiveCfg = Debug|Any CPU
		{2B72145A-79ED-4422-B421-BDE35DC81436}.Debug|Any CPU.Build.0 = Debug|Any CPU
		{2B72145A-79ED-4422-B421-BDE35DC81436}.Debug|x64.ActiveCfg = Debug|Any CPU
		{2B72145A-79ED-4422-B421-BDE35DC81436}.Debug|x64.Build.0 = Debug|Any CPU
		{2B72145A-79ED-4422-B421-BDE35DC81436}.Debug|x86.ActiveCfg = Debug|Any CPU
		{2B72145A-79ED-4422-B421-BDE35DC81436}.Debug|x86.Build.0 = Debug|Any CPU
		{2B72145A-79ED-4422-B421-BDE35DC81436}.Release|Any CPU.ActiveCfg = Release|Any CPU
		{2B72145A-79ED-4422-B421-BDE35DC81436}.Release|Any CPU.Build.0 = Release|Any CPU
		{2B72145A-79ED-4422-B421-BDE35DC81436}.Release|x64.ActiveCfg = Release|Any CPU
		{2B72145A-79ED-4422-B421-BDE35DC81436}.Release|x64.Build.0 = Release|Any CPU
		{2B72145A-79ED-4422-B421-BDE35DC81436}.Release|x86.ActiveCfg = Release|Any CPU
		{2B72145A-79ED-4422-B421-BDE35DC81436}.Release|x86.Build.0 = Release|Any CPU
		{24188DDB-9F94-4198-B0DD-0A0A542E48E8}.Debug|Any CPU.ActiveCfg = Debug|Any CPU
		{24188DDB-9F94-4198-B0DD-0A0A542E48E8}.Debug|Any CPU.Build.0 = Debug|Any CPU
		{24188DDB-9F94-4198-B0DD-0A0A542E48E8}.Debug|x64.ActiveCfg = Debug|Any CPU
		{24188DDB-9F94-4198-B0DD-0A0A542E48E8}.Debug|x64.Build.0 = Debug|Any CPU
		{24188DDB-9F94-4198-B0DD-0A0A542E48E8}.Debug|x86.ActiveCfg = Debug|Any CPU
		{24188DDB-9F94-4198-B0DD-0A0A542E48E8}.Debug|x86.Build.0 = Debug|Any CPU
		{24188DDB-9F94-4198-B0DD-0A0A542E48E8}.Release|Any CPU.ActiveCfg = Release|Any CPU
		{24188DDB-9F94-4198-B0DD-0A0A542E48E8}.Release|Any CPU.Build.0 = Release|Any CPU
		{24188DDB-9F94-4198-B0DD-0A0A542E48E8}.Release|x64.ActiveCfg = Release|Any CPU
		{24188DDB-9F94-4198-B0DD-0A0A542E48E8}.Release|x64.Build.0 = Release|Any CPU
		{24188DDB-9F94-4198-B0DD-0A0A542E48E8}.Release|x86.ActiveCfg = Release|Any CPU
		{24188DDB-9F94-4198-B0DD-0A0A542E48E8}.Release|x86.Build.0 = Release|Any CPU
		{65F8EE00-35D8-46B3-8804-73C08E0B651B}.Debug|Any CPU.ActiveCfg = Debug|Any CPU
		{65F8EE00-35D8-46B3-8804-73C08E0B651B}.Debug|Any CPU.Build.0 = Debug|Any CPU
		{65F8EE00-35D8-46B3-8804-73C08E0B651B}.Debug|x64.ActiveCfg = Debug|Any CPU
		{65F8EE00-35D8-46B3-8804-73C08E0B651B}.Debug|x64.Build.0 = Debug|Any CPU
		{65F8EE00-35D8-46B3-8804-73C08E0B651B}.Debug|x86.ActiveCfg = Debug|Any CPU
		{65F8EE00-35D8-46B3-8804-73C08E0B651B}.Debug|x86.Build.0 = Debug|Any CPU
		{65F8EE00-35D8-46B3-8804-73C08E0B651B}.Release|Any CPU.ActiveCfg = Release|Any CPU
		{65F8EE00-35D8-46B3-8804-73C08E0B651B}.Release|Any CPU.Build.0 = Release|Any CPU
		{65F8EE00-35D8-46B3-8804-73C08E0B651B}.Release|x64.ActiveCfg = Release|Any CPU
		{65F8EE00-35D8-46B3-8804-73C08E0B651B}.Release|x64.Build.0 = Release|Any CPU
		{65F8EE00-35D8-46B3-8804-73C08E0B651B}.Release|x86.ActiveCfg = Release|Any CPU
		{65F8EE00-35D8-46B3-8804-73C08E0B651B}.Release|x86.Build.0 = Release|Any CPU
		{E17E52B6-71D6-4768-B616-B262449A81C0}.Debug|Any CPU.ActiveCfg = Debug|Any CPU
		{E17E52B6-71D6-4768-B616-B262449A81C0}.Debug|Any CPU.Build.0 = Debug|Any CPU
		{E17E52B6-71D6-4768-B616-B262449A81C0}.Debug|x64.ActiveCfg = Debug|Any CPU
		{E17E52B6-71D6-4768-B616-B262449A81C0}.Debug|x64.Build.0 = Debug|Any CPU
		{E17E52B6-71D6-4768-B616-B262449A81C0}.Debug|x86.ActiveCfg = Debug|Any CPU
		{E17E52B6-71D6-4768-B616-B262449A81C0}.Debug|x86.Build.0 = Debug|Any CPU
		{E17E52B6-71D6-4768-B616-B262449A81C0}.Release|Any CPU.ActiveCfg = Release|Any CPU
		{E17E52B6-71D6-4768-B616-B262449A81C0}.Release|Any CPU.Build.0 = Release|Any CPU
		{E17E52B6-71D6-4768-B616-B262449A81C0}.Release|x64.ActiveCfg = Release|Any CPU
		{E17E52B6-71D6-4768-B616-B262449A81C0}.Release|x64.Build.0 = Release|Any CPU
		{E17E52B6-71D6-4768-B616-B262449A81C0}.Release|x86.ActiveCfg = Release|Any CPU
		{E17E52B6-71D6-4768-B616-B262449A81C0}.Release|x86.Build.0 = Release|Any CPU
		{C2E0BF82-7857-422C-979F-119D05BB379A}.Debug|Any CPU.ActiveCfg = Debug|Any CPU
		{C2E0BF82-7857-422C-979F-119D05BB379A}.Debug|Any CPU.Build.0 = Debug|Any CPU
		{C2E0BF82-7857-422C-979F-119D05BB379A}.Debug|x64.ActiveCfg = Debug|Any CPU
		{C2E0BF82-7857-422C-979F-119D05BB379A}.Debug|x64.Build.0 = Debug|Any CPU
		{C2E0BF82-7857-422C-979F-119D05BB379A}.Debug|x86.ActiveCfg = Debug|Any CPU
		{C2E0BF82-7857-422C-979F-119D05BB379A}.Debug|x86.Build.0 = Debug|Any CPU
		{C2E0BF82-7857-422C-979F-119D05BB379A}.Release|Any CPU.ActiveCfg = Release|Any CPU
		{C2E0BF82-7857-422C-979F-119D05BB379A}.Release|Any CPU.Build.0 = Release|Any CPU
		{C2E0BF82-7857-422C-979F-119D05BB379A}.Release|x64.ActiveCfg = Release|Any CPU
		{C2E0BF82-7857-422C-979F-119D05BB379A}.Release|x64.Build.0 = Release|Any CPU
		{C2E0BF82-7857-422C-979F-119D05BB379A}.Release|x86.ActiveCfg = Release|Any CPU
		{C2E0BF82-7857-422C-979F-119D05BB379A}.Release|x86.Build.0 = Release|Any CPU
		{79E0E5C0-AC33-4E7C-8870-801D70A62F20}.Debug|Any CPU.ActiveCfg = Debug|Any CPU
		{79E0E5C0-AC33-4E7C-8870-801D70A62F20}.Debug|Any CPU.Build.0 = Debug|Any CPU
		{79E0E5C0-AC33-4E7C-8870-801D70A62F20}.Debug|x64.ActiveCfg = Debug|Any CPU
		{79E0E5C0-AC33-4E7C-8870-801D70A62F20}.Debug|x64.Build.0 = Debug|Any CPU
		{79E0E5C0-AC33-4E7C-8870-801D70A62F20}.Debug|x86.ActiveCfg = Debug|Any CPU
		{79E0E5C0-AC33-4E7C-8870-801D70A62F20}.Debug|x86.Build.0 = Debug|Any CPU
		{79E0E5C0-AC33-4E7C-8870-801D70A62F20}.Release|Any CPU.ActiveCfg = Release|Any CPU
		{79E0E5C0-AC33-4E7C-8870-801D70A62F20}.Release|Any CPU.Build.0 = Release|Any CPU
		{79E0E5C0-AC33-4E7C-8870-801D70A62F20}.Release|x64.ActiveCfg = Release|Any CPU
		{79E0E5C0-AC33-4E7C-8870-801D70A62F20}.Release|x64.Build.0 = Release|Any CPU
		{79E0E5C0-AC33-4E7C-8870-801D70A62F20}.Release|x86.ActiveCfg = Release|Any CPU
		{79E0E5C0-AC33-4E7C-8870-801D70A62F20}.Release|x86.Build.0 = Release|Any CPU
		{FD269D0C-A56E-4595-9816-F7F72FF88D52}.Debug|Any CPU.ActiveCfg = Debug|Any CPU
		{FD269D0C-A56E-4595-9816-F7F72FF88D52}.Debug|Any CPU.Build.0 = Debug|Any CPU
		{FD269D0C-A56E-4595-9816-F7F72FF88D52}.Debug|x64.ActiveCfg = Debug|Any CPU
		{FD269D0C-A56E-4595-9816-F7F72FF88D52}.Debug|x64.Build.0 = Debug|Any CPU
		{FD269D0C-A56E-4595-9816-F7F72FF88D52}.Debug|x86.ActiveCfg = Debug|Any CPU
		{FD269D0C-A56E-4595-9816-F7F72FF88D52}.Debug|x86.Build.0 = Debug|Any CPU
		{FD269D0C-A56E-4595-9816-F7F72FF88D52}.Release|Any CPU.ActiveCfg = Release|Any CPU
		{FD269D0C-A56E-4595-9816-F7F72FF88D52}.Release|Any CPU.Build.0 = Release|Any CPU
		{FD269D0C-A56E-4595-9816-F7F72FF88D52}.Release|x64.ActiveCfg = Release|Any CPU
		{FD269D0C-A56E-4595-9816-F7F72FF88D52}.Release|x64.Build.0 = Release|Any CPU
		{FD269D0C-A56E-4595-9816-F7F72FF88D52}.Release|x86.ActiveCfg = Release|Any CPU
		{FD269D0C-A56E-4595-9816-F7F72FF88D52}.Release|x86.Build.0 = Release|Any CPU
		{80165E23-7C11-4D47-B464-4677F2D84481}.Debug|Any CPU.ActiveCfg = Debug|Any CPU
		{80165E23-7C11-4D47-B464-4677F2D84481}.Debug|Any CPU.Build.0 = Debug|Any CPU
		{80165E23-7C11-4D47-B464-4677F2D84481}.Debug|x64.ActiveCfg = Debug|Any CPU
		{80165E23-7C11-4D47-B464-4677F2D84481}.Debug|x64.Build.0 = Debug|Any CPU
		{80165E23-7C11-4D47-B464-4677F2D84481}.Debug|x86.ActiveCfg = Debug|Any CPU
		{80165E23-7C11-4D47-B464-4677F2D84481}.Debug|x86.Build.0 = Debug|Any CPU
		{80165E23-7C11-4D47-B464-4677F2D84481}.Release|Any CPU.ActiveCfg = Release|Any CPU
		{80165E23-7C11-4D47-B464-4677F2D84481}.Release|Any CPU.Build.0 = Release|Any CPU
		{80165E23-7C11-4D47-B464-4677F2D84481}.Release|x64.ActiveCfg = Release|Any CPU
		{80165E23-7C11-4D47-B464-4677F2D84481}.Release|x64.Build.0 = Release|Any CPU
		{80165E23-7C11-4D47-B464-4677F2D84481}.Release|x86.ActiveCfg = Release|Any CPU
		{80165E23-7C11-4D47-B464-4677F2D84481}.Release|x86.Build.0 = Release|Any CPU
		{59E28E58-E1AC-450B-9A18-61E24478DDEE}.Debug|Any CPU.ActiveCfg = Debug|Any CPU
		{59E28E58-E1AC-450B-9A18-61E24478DDEE}.Debug|Any CPU.Build.0 = Debug|Any CPU
		{59E28E58-E1AC-450B-9A18-61E24478DDEE}.Debug|x64.ActiveCfg = Debug|Any CPU
		{59E28E58-E1AC-450B-9A18-61E24478DDEE}.Debug|x64.Build.0 = Debug|Any CPU
		{59E28E58-E1AC-450B-9A18-61E24478DDEE}.Debug|x86.ActiveCfg = Debug|Any CPU
		{59E28E58-E1AC-450B-9A18-61E24478DDEE}.Debug|x86.Build.0 = Debug|Any CPU
		{59E28E58-E1AC-450B-9A18-61E24478DDEE}.Release|Any CPU.ActiveCfg = Release|Any CPU
		{59E28E58-E1AC-450B-9A18-61E24478DDEE}.Release|Any CPU.Build.0 = Release|Any CPU
		{59E28E58-E1AC-450B-9A18-61E24478DDEE}.Release|x64.ActiveCfg = Release|Any CPU
		{59E28E58-E1AC-450B-9A18-61E24478DDEE}.Release|x64.Build.0 = Release|Any CPU
		{59E28E58-E1AC-450B-9A18-61E24478DDEE}.Release|x86.ActiveCfg = Release|Any CPU
		{59E28E58-E1AC-450B-9A18-61E24478DDEE}.Release|x86.Build.0 = Release|Any CPU
		{A9854F72-36D7-4C5A-AE67-1C9199424020}.Debug|Any CPU.ActiveCfg = Debug|Any CPU
		{A9854F72-36D7-4C5A-AE67-1C9199424020}.Debug|Any CPU.Build.0 = Debug|Any CPU
		{A9854F72-36D7-4C5A-AE67-1C9199424020}.Debug|x64.ActiveCfg = Debug|Any CPU
		{A9854F72-36D7-4C5A-AE67-1C9199424020}.Debug|x64.Build.0 = Debug|Any CPU
		{A9854F72-36D7-4C5A-AE67-1C9199424020}.Debug|x86.ActiveCfg = Debug|Any CPU
		{A9854F72-36D7-4C5A-AE67-1C9199424020}.Debug|x86.Build.0 = Debug|Any CPU
		{A9854F72-36D7-4C5A-AE67-1C9199424020}.Release|Any CPU.ActiveCfg = Release|Any CPU
		{A9854F72-36D7-4C5A-AE67-1C9199424020}.Release|Any CPU.Build.0 = Release|Any CPU
		{A9854F72-36D7-4C5A-AE67-1C9199424020}.Release|x64.ActiveCfg = Release|Any CPU
		{A9854F72-36D7-4C5A-AE67-1C9199424020}.Release|x64.Build.0 = Release|Any CPU
		{A9854F72-36D7-4C5A-AE67-1C9199424020}.Release|x86.ActiveCfg = Release|Any CPU
		{A9854F72-36D7-4C5A-AE67-1C9199424020}.Release|x86.Build.0 = Release|Any CPU
		{E000C98B-026E-4356-BA4D-F892CC0EB13B}.Debug|Any CPU.ActiveCfg = Debug|Any CPU
		{E000C98B-026E-4356-BA4D-F892CC0EB13B}.Debug|Any CPU.Build.0 = Debug|Any CPU
		{E000C98B-026E-4356-BA4D-F892CC0EB13B}.Debug|x64.ActiveCfg = Debug|Any CPU
		{E000C98B-026E-4356-BA4D-F892CC0EB13B}.Debug|x64.Build.0 = Debug|Any CPU
		{E000C98B-026E-4356-BA4D-F892CC0EB13B}.Debug|x86.ActiveCfg = Debug|Any CPU
		{E000C98B-026E-4356-BA4D-F892CC0EB13B}.Debug|x86.Build.0 = Debug|Any CPU
		{E000C98B-026E-4356-BA4D-F892CC0EB13B}.Release|Any CPU.ActiveCfg = Release|Any CPU
		{E000C98B-026E-4356-BA4D-F892CC0EB13B}.Release|Any CPU.Build.0 = Release|Any CPU
		{E000C98B-026E-4356-BA4D-F892CC0EB13B}.Release|x64.ActiveCfg = Release|Any CPU
		{E000C98B-026E-4356-BA4D-F892CC0EB13B}.Release|x64.Build.0 = Release|Any CPU
		{E000C98B-026E-4356-BA4D-F892CC0EB13B}.Release|x86.ActiveCfg = Release|Any CPU
		{E000C98B-026E-4356-BA4D-F892CC0EB13B}.Release|x86.Build.0 = Release|Any CPU
		{B00AD11A-5E19-4AB3-8297-C9801491B035}.Debug|Any CPU.ActiveCfg = Debug|Any CPU
		{B00AD11A-5E19-4AB3-8297-C9801491B035}.Debug|Any CPU.Build.0 = Debug|Any CPU
		{B00AD11A-5E19-4AB3-8297-C9801491B035}.Debug|x64.ActiveCfg = Debug|Any CPU
		{B00AD11A-5E19-4AB3-8297-C9801491B035}.Debug|x64.Build.0 = Debug|Any CPU
		{B00AD11A-5E19-4AB3-8297-C9801491B035}.Debug|x86.ActiveCfg = Debug|Any CPU
		{B00AD11A-5E19-4AB3-8297-C9801491B035}.Debug|x86.Build.0 = Debug|Any CPU
		{B00AD11A-5E19-4AB3-8297-C9801491B035}.Release|Any CPU.ActiveCfg = Release|Any CPU
		{B00AD11A-5E19-4AB3-8297-C9801491B035}.Release|Any CPU.Build.0 = Release|Any CPU
		{B00AD11A-5E19-4AB3-8297-C9801491B035}.Release|x64.ActiveCfg = Release|Any CPU
		{B00AD11A-5E19-4AB3-8297-C9801491B035}.Release|x64.Build.0 = Release|Any CPU
		{B00AD11A-5E19-4AB3-8297-C9801491B035}.Release|x86.ActiveCfg = Release|Any CPU
		{B00AD11A-5E19-4AB3-8297-C9801491B035}.Release|x86.Build.0 = Release|Any CPU
		{EF7FEA8F-56B7-4B0F-9476-869276F669B5}.Debug|Any CPU.ActiveCfg = Debug|Any CPU
		{EF7FEA8F-56B7-4B0F-9476-869276F669B5}.Debug|Any CPU.Build.0 = Debug|Any CPU
		{EF7FEA8F-56B7-4B0F-9476-869276F669B5}.Debug|x64.ActiveCfg = Debug|Any CPU
		{EF7FEA8F-56B7-4B0F-9476-869276F669B5}.Debug|x64.Build.0 = Debug|Any CPU
		{EF7FEA8F-56B7-4B0F-9476-869276F669B5}.Debug|x86.ActiveCfg = Debug|Any CPU
		{EF7FEA8F-56B7-4B0F-9476-869276F669B5}.Debug|x86.Build.0 = Debug|Any CPU
		{EF7FEA8F-56B7-4B0F-9476-869276F669B5}.Release|Any CPU.ActiveCfg = Release|Any CPU
		{EF7FEA8F-56B7-4B0F-9476-869276F669B5}.Release|Any CPU.Build.0 = Release|Any CPU
		{EF7FEA8F-56B7-4B0F-9476-869276F669B5}.Release|x64.ActiveCfg = Release|Any CPU
		{EF7FEA8F-56B7-4B0F-9476-869276F669B5}.Release|x64.Build.0 = Release|Any CPU
		{EF7FEA8F-56B7-4B0F-9476-869276F669B5}.Release|x86.ActiveCfg = Release|Any CPU
		{EF7FEA8F-56B7-4B0F-9476-869276F669B5}.Release|x86.Build.0 = Release|Any CPU
		{7F37B987-9089-4A48-B5ED-2BD238D58B0F}.Debug|Any CPU.ActiveCfg = Debug|Any CPU
		{7F37B987-9089-4A48-B5ED-2BD238D58B0F}.Debug|Any CPU.Build.0 = Debug|Any CPU
		{7F37B987-9089-4A48-B5ED-2BD238D58B0F}.Debug|x64.ActiveCfg = Debug|Any CPU
		{7F37B987-9089-4A48-B5ED-2BD238D58B0F}.Debug|x64.Build.0 = Debug|Any CPU
		{7F37B987-9089-4A48-B5ED-2BD238D58B0F}.Debug|x86.ActiveCfg = Debug|Any CPU
		{7F37B987-9089-4A48-B5ED-2BD238D58B0F}.Debug|x86.Build.0 = Debug|Any CPU
		{7F37B987-9089-4A48-B5ED-2BD238D58B0F}.Release|Any CPU.ActiveCfg = Release|Any CPU
		{7F37B987-9089-4A48-B5ED-2BD238D58B0F}.Release|Any CPU.Build.0 = Release|Any CPU
		{7F37B987-9089-4A48-B5ED-2BD238D58B0F}.Release|x64.ActiveCfg = Release|Any CPU
		{7F37B987-9089-4A48-B5ED-2BD238D58B0F}.Release|x64.Build.0 = Release|Any CPU
		{7F37B987-9089-4A48-B5ED-2BD238D58B0F}.Release|x86.ActiveCfg = Release|Any CPU
		{7F37B987-9089-4A48-B5ED-2BD238D58B0F}.Release|x86.Build.0 = Release|Any CPU
	EndGlobalSection
	GlobalSection(SolutionProperties) = preSolution
		HideSolutionNode = FALSE
	EndGlobalSection
	GlobalSection(ExtensibilityGlobals) = postSolution
		SolutionGuid = {F07AD081-5DEF-423A-8D65-25351314BB6E}
	EndGlobalSection
EndGlobal
